
Microsoft Visual Studio Solution File, Format Version 12.00
# Visual Studio Version 17
VisualStudioVersion = 17.6.33723.286
MinimumVisualStudioVersion = 10.0.40219.1
Project("{9A19103F-16F7-4668-BE54-9A1E7A4F7556}") = "TestTaskCadwise1", "TestTaskCadwise\TestTaskCadwise1.csproj", "{3409429A-816C-493E-AFFB-F088FACFE9E4}"
EndProject
Project("{9A19103F-16F7-4668-BE54-9A1E7A4F7556}") = "TestTaskCadwise1.Tests", "TestTaskCadwise1UnitTests\TestTaskCadwise1.Tests.csproj", "{1EDA947C-FE29-4C31-84D6-6520641B25F0}"
EndProject
Project("{9A19103F-16F7-4668-BE54-9A1E7A4F7556}") = "TestTaskCadwise2", "TestTaskCadwise2\TestTaskCadwise2.csproj", "{FC5A7D77-F0E6-4097-9E1D-80C2B0D42681}"
EndProject
Project("{FAE04EC0-301F-11D3-BF4B-00C04F79EFBC}") = "TestTaskCadwise2.Tests", "TestTaskCadwise2.Tests\TestTaskCadwise2.Tests.csproj", "{7D7976A3-63D3-42E5-8C82-3EBC45AF689B}"
EndProject
Global
	GlobalSection(SolutionConfigurationPlatforms) = preSolution
		Debug|Any CPU = Debug|Any CPU
		Release|Any CPU = Release|Any CPU
	EndGlobalSection
	GlobalSection(ProjectConfigurationPlatforms) = postSolution
		{3409429A-816C-493E-AFFB-F088FACFE9E4}.Debug|Any CPU.ActiveCfg = Debug|Any CPU
		{3409429A-816C-493E-AFFB-F088FACFE9E4}.Debug|Any CPU.Build.0 = Debug|Any CPU
		{3409429A-816C-493E-AFFB-F088FACFE9E4}.Release|Any CPU.ActiveCfg = Release|Any CPU
		{3409429A-816C-493E-AFFB-F088FACFE9E4}.Release|Any CPU.Build.0 = Release|Any CPU
		{1EDA947C-FE29-4C31-84D6-6520641B25F0}.Debug|Any CPU.ActiveCfg = Debug|Any CPU
		{1EDA947C-FE29-4C31-84D6-6520641B25F0}.Debug|Any CPU.Build.0 = Debug|Any CPU
		{1EDA947C-FE29-4C31-84D6-6520641B25F0}.Release|Any CPU.ActiveCfg = Release|Any CPU
		{1EDA947C-FE29-4C31-84D6-6520641B25F0}.Release|Any CPU.Build.0 = Release|Any CPU
		{FC5A7D77-F0E6-4097-9E1D-80C2B0D42681}.Debug|Any CPU.ActiveCfg = Debug|Any CPU
		{FC5A7D77-F0E6-4097-9E1D-80C2B0D42681}.Debug|Any CPU.Build.0 = Debug|Any CPU
		{FC5A7D77-F0E6-4097-9E1D-80C2B0D42681}.Release|Any CPU.ActiveCfg = Release|Any CPU
		{FC5A7D77-F0E6-4097-9E1D-80C2B0D42681}.Release|Any CPU.Build.0 = Release|Any CPU
		{7D7976A3-63D3-42E5-8C82-3EBC45AF689B}.Debug|Any CPU.ActiveCfg = Debug|Any CPU
		{7D7976A3-63D3-42E5-8C82-3EBC45AF689B}.Debug|Any CPU.Build.0 = Debug|Any CPU
		{7D7976A3-63D3-42E5-8C82-3EBC45AF689B}.Release|Any CPU.ActiveCfg = Release|Any CPU
		{7D7976A3-63D3-42E5-8C82-3EBC45AF689B}.Release|Any CPU.Build.0 = Release|Any CPU
	EndGlobalSection
	GlobalSection(SolutionProperties) = preSolution
		HideSolutionNode = FALSE
	EndGlobalSection
	GlobalSection(ExtensibilityGlobals) = postSolution
		SolutionGuid = {23AEF3E7-806D-4EFF-A30C-5FE4F525AE1C}
	EndGlobalSection
EndGlobal
